
Microsoft Visual Studio Solution File, Format Version 12.00
# Visual Studio Version 17
VisualStudioVersion = 17.5.002.0
MinimumVisualStudioVersion = 10.0.40219.1
Project("{9A19103F-16F7-4668-BE54-9A1E7A4F7556}") = "EfCore2", "EfCore2.csproj", "{B9B0473D-E9B2-4AA5-B094-B2F91958751F}"
EndProject
Global
	GlobalSection(SolutionConfigurationPlatforms) = preSolution
		Debug|Any CPU = Debug|Any CPU
		Release|Any CPU = Release|Any CPU
	EndGlobalSection
	GlobalSection(ProjectConfigurationPlatforms) = postSolution
		{B9B0473D-E9B2-4AA5-B094-B2F91958751F}.Debug|Any CPU.ActiveCfg = Debug|Any CPU
		{B9B0473D-E9B2-4AA5-B094-B2F91958751F}.Debug|Any CPU.Build.0 = Debug|Any CPU
		{B9B0473D-E9B2-4AA5-B094-B2F91958751F}.Release|Any CPU.ActiveCfg = Release|Any CPU
		{B9B0473D-E9B2-4AA5-B094-B2F91958751F}.Release|Any CPU.Build.0 = Release|Any CPU
	EndGlobalSection
	GlobalSection(SolutionProperties) = preSolution
		HideSolutionNode = FALSE
	EndGlobalSection
	GlobalSection(ExtensibilityGlobals) = postSolution
		SolutionGuid = {AE74F8BA-9CE9-4D36-B496-5F2ED9EB423D}
	EndGlobalSection
EndGlobal
